
Microsoft Visual Studio Solution File, Format Version 12.00
# Visual Studio Version 16
VisualStudioVersion = 16.0.31005.135
MinimumVisualStudioVersion = 10.0.40219.1
Project("{FAE04EC0-301F-11D3-BF4B-00C04F79EFBC}") = "RabbitRace_Game", "RabbitRace_Game\RabbitRace_Game.csproj", "{D4EA1656-2C72-499B-9500-774B0CECD591}"
EndProject
Project("{FAE04EC0-301F-11D3-BF4B-00C04F79EFBC}") = "RabbitRace_GameTests", "RabbitRace_GameTests\RabbitRace_GameTests.csproj", "{2AD8D19A-05E2-4FE1-88E8-CF89D8173B39}"
EndProject
Global
	GlobalSection(SolutionConfigurationPlatforms) = preSolution
		Debug|Any CPU = Debug|Any CPU
		Release|Any CPU = Release|Any CPU
	EndGlobalSection
	GlobalSection(ProjectConfigurationPlatforms) = postSolution
		{D4EA1656-2C72-499B-9500-774B0CECD591}.Debug|Any CPU.ActiveCfg = Debug|Any CPU
		{D4EA1656-2C72-499B-9500-774B0CECD591}.Debug|Any CPU.Build.0 = Debug|Any CPU
		{D4EA1656-2C72-499B-9500-774B0CECD591}.Release|Any CPU.ActiveCfg = Release|Any CPU
		{D4EA1656-2C72-499B-9500-774B0CECD591}.Release|Any CPU.Build.0 = Release|Any CPU
		{2AD8D19A-05E2-4FE1-88E8-CF89D8173B39}.Debug|Any CPU.ActiveCfg = Debug|Any CPU
		{2AD8D19A-05E2-4FE1-88E8-CF89D8173B39}.Debug|Any CPU.Build.0 = Debug|Any CPU
		{2AD8D19A-05E2-4FE1-88E8-CF89D8173B39}.Release|Any CPU.ActiveCfg = Release|Any CPU
		{2AD8D19A-05E2-4FE1-88E8-CF89D8173B39}.Release|Any CPU.Build.0 = Release|Any CPU
	EndGlobalSection
	GlobalSection(SolutionProperties) = preSolution
		HideSolutionNode = FALSE
	EndGlobalSection
	GlobalSection(ExtensibilityGlobals) = postSolution
		SolutionGuid = {EE03FA5C-0CD2-41D6-AD2C-7C133B0F6617}
	EndGlobalSection
EndGlobal
